
Microsoft Visual Studio Solution File, Format Version 12.00
# Visual Studio 15
VisualStudioVersion = 15.0.28307.1267
MinimumVisualStudioVersion = 10.0.40219.1
Project("{FAE04EC0-301F-11D3-BF4B-00C04F79EFBC}") = "Repeattest", "Repeattest\Repeattest.csproj", "{1ACB53FD-F7A4-41B0-82CC-1F91924EFF12}"
EndProject
Project("{FAE04EC0-301F-11D3-BF4B-00C04F79EFBC}") = "Donguler", "Donguler\Donguler.csproj", "{C7B66CE4-552C-409F-B339-DA28E410E232}"
EndProject
Project("{FAE04EC0-301F-11D3-BF4B-00C04F79EFBC}") = "Claslar", "Claslar\Claslar.csproj", "{0CAEA0AB-E0F2-4FAC-9879-5AD563792DDD}"
EndProject
Project("{FAE04EC0-301F-11D3-BF4B-00C04F79EFBC}") = "Method", "Method\Method.csproj", "{212BBFB8-7F2E-4EFD-B7D1-1928E3B843D5}"
EndProject
Project("{FAE04EC0-301F-11D3-BF4B-00C04F79EFBC}") = "Matematik", "Matematik\Matematik.csproj", "{9019708D-6F21-42CA-B271-FA161FD47806}"
EndProject
Project("{FAE04EC0-301F-11D3-BF4B-00C04F79EFBC}") = "DegerveReferansTipler", "DegerveReferansTipler\DegerveReferansTipler.csproj", "{309EFAD4-5BD7-42DA-879F-249020FE8812}"
EndProject
Project("{9A19103F-16F7-4668-BE54-9A1E7A4F7556}") = "OOP1", "OOP1\OOP1.csproj", "{F5FE3357-008C-49B7-BD38-729C246372B0}"
EndProject
Project("{9A19103F-16F7-4668-BE54-9A1E7A4F7556}") = "Collections", "Collections\Collections.csproj", "{47FDB0DB-1B16-48AE-A65B-27464BD88526}"
EndProject
Project("{9A19103F-16F7-4668-BE54-9A1E7A4F7556}") = "OOP2", "OOP2\OOP2.csproj", "{B694C3AB-C55C-4FB2-917C-AC26DD430DEE}"
EndProject
Project("{9A19103F-16F7-4668-BE54-9A1E7A4F7556}") = "OOP3", "OOP3\OOP3.csproj", "{311D235E-BDE5-40B1-B34C-11C259EB51B6}"
EndProject
Project("{FAE04EC0-301F-11D3-BF4B-00C04F79EFBC}") = "test", "test\test.csproj", "{18F712CF-70B7-493C-861C-57B43312010E}"
EndProject
Global
	GlobalSection(SolutionConfigurationPlatforms) = preSolution
		Debug|Any CPU = Debug|Any CPU
		Release|Any CPU = Release|Any CPU
	EndGlobalSection
	GlobalSection(ProjectConfigurationPlatforms) = postSolution
		{1ACB53FD-F7A4-41B0-82CC-1F91924EFF12}.Debug|Any CPU.ActiveCfg = Debug|Any CPU
		{1ACB53FD-F7A4-41B0-82CC-1F91924EFF12}.Debug|Any CPU.Build.0 = Debug|Any CPU
		{1ACB53FD-F7A4-41B0-82CC-1F91924EFF12}.Release|Any CPU.ActiveCfg = Release|Any CPU
		{1ACB53FD-F7A4-41B0-82CC-1F91924EFF12}.Release|Any CPU.Build.0 = Release|Any CPU
		{C7B66CE4-552C-409F-B339-DA28E410E232}.Debug|Any CPU.ActiveCfg = Debug|Any CPU
		{C7B66CE4-552C-409F-B339-DA28E410E232}.Debug|Any CPU.Build.0 = Debug|Any CPU
		{C7B66CE4-552C-409F-B339-DA28E410E232}.Release|Any CPU.ActiveCfg = Release|Any CPU
		{C7B66CE4-552C-409F-B339-DA28E410E232}.Release|Any CPU.Build.0 = Release|Any CPU
		{0CAEA0AB-E0F2-4FAC-9879-5AD563792DDD}.Debug|Any CPU.ActiveCfg = Debug|Any CPU
		{0CAEA0AB-E0F2-4FAC-9879-5AD563792DDD}.Debug|Any CPU.Build.0 = Debug|Any CPU
		{0CAEA0AB-E0F2-4FAC-9879-5AD563792DDD}.Release|Any CPU.ActiveCfg = Release|Any CPU
		{0CAEA0AB-E0F2-4FAC-9879-5AD563792DDD}.Release|Any CPU.Build.0 = Release|Any CPU
		{212BBFB8-7F2E-4EFD-B7D1-1928E3B843D5}.Debug|Any CPU.ActiveCfg = Debug|Any CPU
		{212BBFB8-7F2E-4EFD-B7D1-1928E3B843D5}.Debug|Any CPU.Build.0 = Debug|Any CPU
		{212BBFB8-7F2E-4EFD-B7D1-1928E3B843D5}.Release|Any CPU.ActiveCfg = Release|Any CPU
		{212BBFB8-7F2E-4EFD-B7D1-1928E3B843D5}.Release|Any CPU.Build.0 = Release|Any CPU
		{9019708D-6F21-42CA-B271-FA161FD47806}.Debug|Any CPU.ActiveCfg = Debug|Any CPU
		{9019708D-6F21-42CA-B271-FA161FD47806}.Debug|Any CPU.Build.0 = Debug|Any CPU
		{9019708D-6F21-42CA-B271-FA161FD47806}.Release|Any CPU.ActiveCfg = Release|Any CPU
		{9019708D-6F21-42CA-B271-FA161FD47806}.Release|Any CPU.Build.0 = Release|Any CPU
		{309EFAD4-5BD7-42DA-879F-249020FE8812}.Debug|Any CPU.ActiveCfg = Debug|Any CPU
		{309EFAD4-5BD7-42DA-879F-249020FE8812}.Debug|Any CPU.Build.0 = Debug|Any CPU
		{309EFAD4-5BD7-42DA-879F-249020FE8812}.Release|Any CPU.ActiveCfg = Release|Any CPU
		{309EFAD4-5BD7-42DA-879F-249020FE8812}.Release|Any CPU.Build.0 = Release|Any CPU
		{F5FE3357-008C-49B7-BD38-729C246372B0}.Debug|Any CPU.ActiveCfg = Debug|Any CPU
		{F5FE3357-008C-49B7-BD38-729C246372B0}.Debug|Any CPU.Build.0 = Debug|Any CPU
		{F5FE3357-008C-49B7-BD38-729C246372B0}.Release|Any CPU.ActiveCfg = Release|Any CPU
		{F5FE3357-008C-49B7-BD38-729C246372B0}.Release|Any CPU.Build.0 = Release|Any CPU
		{47FDB0DB-1B16-48AE-A65B-27464BD88526}.Debug|Any CPU.ActiveCfg = Debug|Any CPU
		{47FDB0DB-1B16-48AE-A65B-27464BD88526}.Debug|Any CPU.Build.0 = Debug|Any CPU
		{47FDB0DB-1B16-48AE-A65B-27464BD88526}.Release|Any CPU.ActiveCfg = Release|Any CPU
		{47FDB0DB-1B16-48AE-A65B-27464BD88526}.Release|Any CPU.Build.0 = Release|Any CPU
		{B694C3AB-C55C-4FB2-917C-AC26DD430DEE}.Debug|Any CPU.ActiveCfg = Debug|Any CPU
		{B694C3AB-C55C-4FB2-917C-AC26DD430DEE}.Debug|Any CPU.Build.0 = Debug|Any CPU
		{B694C3AB-C55C-4FB2-917C-AC26DD430DEE}.Release|Any CPU.ActiveCfg = Release|Any CPU
		{B694C3AB-C55C-4FB2-917C-AC26DD430DEE}.Release|Any CPU.Build.0 = Release|Any CPU
		{311D235E-BDE5-40B1-B34C-11C259EB51B6}.Debug|Any CPU.ActiveCfg = Debug|Any CPU
		{311D235E-BDE5-40B1-B34C-11C259EB51B6}.Debug|Any CPU.Build.0 = Debug|Any CPU
		{311D235E-BDE5-40B1-B34C-11C259EB51B6}.Release|Any CPU.ActiveCfg = Release|Any CPU
		{311D235E-BDE5-40B1-B34C-11C259EB51B6}.Release|Any CPU.Build.0 = Release|Any CPU
		{18F712CF-70B7-493C-861C-57B43312010E}.Debug|Any CPU.ActiveCfg = Debug|Any CPU
		{18F712CF-70B7-493C-861C-57B43312010E}.Debug|Any CPU.Build.0 = Debug|Any CPU
		{18F712CF-70B7-493C-861C-57B43312010E}.Release|Any CPU.ActiveCfg = Release|Any CPU
		{18F712CF-70B7-493C-861C-57B43312010E}.Release|Any CPU.Build.0 = Release|Any CPU
	EndGlobalSection
	GlobalSection(SolutionProperties) = preSolution
		HideSolutionNode = FALSE
	EndGlobalSection
	GlobalSection(ExtensibilityGlobals) = postSolution
		SolutionGuid = {6173D468-D271-4A8F-A9B5-4D07E26E9046}
	EndGlobalSection
EndGlobal
